
Microsoft Visual Studio Solution File, Format Version 12.00
# Visual Studio Version 16
VisualStudioVersion = 16.0.29306.81
MinimumVisualStudioVersion = 10.0.40219.1
Project("{8BC9CEB8-8B4A-11D0-8D11-00A0C91BC942}") = "p497-11", "p497-11.vcxproj", "{89303F65-848C-4E4A-941F-1BD8EAF28220}"
EndProject
Global
	GlobalSection(SolutionConfigurationPlatforms) = preSolution
		Debug|x64 = Debug|x64
		Debug|x86 = Debug|x86
		Release|x64 = Release|x64
		Release|x86 = Release|x86
	EndGlobalSection
	GlobalSection(ProjectConfigurationPlatforms) = postSolution
		{89303F65-848C-4E4A-941F-1BD8EAF28220}.Debug|x64.ActiveCfg = Debug|x64
		{89303F65-848C-4E4A-941F-1BD8EAF28220}.Debug|x64.Build.0 = Debug|x64
		{89303F65-848C-4E4A-941F-1BD8EAF28220}.Debug|x86.ActiveCfg = Debug|Win32
		{89303F65-848C-4E4A-941F-1BD8EAF28220}.Debug|x86.Build.0 = Debug|Win32
		{89303F65-848C-4E4A-941F-1BD8EAF28220}.Release|x64.ActiveCfg = Release|x64
		{89303F65-848C-4E4A-941F-1BD8EAF28220}.Release|x64.Build.0 = Release|x64
		{89303F65-848C-4E4A-941F-1BD8EAF28220}.Release|x86.ActiveCfg = Release|Win32
		{89303F65-848C-4E4A-941F-1BD8EAF28220}.Release|x86.Build.0 = Release|Win32
	EndGlobalSection
	GlobalSection(SolutionProperties) = preSolution
		HideSolutionNode = FALSE
	EndGlobalSection
	GlobalSection(ExtensibilityGlobals) = postSolution
		SolutionGuid = {0FBE30AF-1D81-4DB7-A60C-BB07B9E75A6B}
	EndGlobalSection
EndGlobal
