
Microsoft Visual Studio Solution File, Format Version 12.00
# Visual Studio Version 16
VisualStudioVersion = 16.0.29306.81
MinimumVisualStudioVersion = 10.0.40219.1
Project("{8BC9CEB8-8B4A-11D0-8D11-00A0C91BC942}") = "p319-7", "p319-7.vcxproj", "{AADB21DE-2948-4D67-976B-F444F72AA54B}"
EndProject
Global
	GlobalSection(SolutionConfigurationPlatforms) = preSolution
		Debug|x64 = Debug|x64
		Debug|x86 = Debug|x86
		Release|x64 = Release|x64
		Release|x86 = Release|x86
	EndGlobalSection
	GlobalSection(ProjectConfigurationPlatforms) = postSolution
		{AADB21DE-2948-4D67-976B-F444F72AA54B}.Debug|x64.ActiveCfg = Debug|x64
		{AADB21DE-2948-4D67-976B-F444F72AA54B}.Debug|x64.Build.0 = Debug|x64
		{AADB21DE-2948-4D67-976B-F444F72AA54B}.Debug|x86.ActiveCfg = Debug|Win32
		{AADB21DE-2948-4D67-976B-F444F72AA54B}.Debug|x86.Build.0 = Debug|Win32
		{AADB21DE-2948-4D67-976B-F444F72AA54B}.Release|x64.ActiveCfg = Release|x64
		{AADB21DE-2948-4D67-976B-F444F72AA54B}.Release|x64.Build.0 = Release|x64
		{AADB21DE-2948-4D67-976B-F444F72AA54B}.Release|x86.ActiveCfg = Release|Win32
		{AADB21DE-2948-4D67-976B-F444F72AA54B}.Release|x86.Build.0 = Release|Win32
	EndGlobalSection
	GlobalSection(SolutionProperties) = preSolution
		HideSolutionNode = FALSE
	EndGlobalSection
	GlobalSection(ExtensibilityGlobals) = postSolution
		SolutionGuid = {5E274362-6543-4CD7-9FB5-4216CF13ACD9}
	EndGlobalSection
EndGlobal
