
Microsoft Visual Studio Solution File, Format Version 12.00
# Visual Studio Version 16
VisualStudioVersion = 16.0.29306.81
MinimumVisualStudioVersion = 10.0.40219.1
Project("{8BC9CEB8-8B4A-11D0-8D11-00A0C91BC942}") = "p126-10", "p126-10.vcxproj", "{9C0A9E5C-3C56-4514-AB24-E82B249FA64B}"
EndProject
Global
	GlobalSection(SolutionConfigurationPlatforms) = preSolution
		Debug|x64 = Debug|x64
		Debug|x86 = Debug|x86
		Release|x64 = Release|x64
		Release|x86 = Release|x86
	EndGlobalSection
	GlobalSection(ProjectConfigurationPlatforms) = postSolution
		{9C0A9E5C-3C56-4514-AB24-E82B249FA64B}.Debug|x64.ActiveCfg = Debug|x64
		{9C0A9E5C-3C56-4514-AB24-E82B249FA64B}.Debug|x64.Build.0 = Debug|x64
		{9C0A9E5C-3C56-4514-AB24-E82B249FA64B}.Debug|x86.ActiveCfg = Debug|Win32
		{9C0A9E5C-3C56-4514-AB24-E82B249FA64B}.Debug|x86.Build.0 = Debug|Win32
		{9C0A9E5C-3C56-4514-AB24-E82B249FA64B}.Release|x64.ActiveCfg = Release|x64
		{9C0A9E5C-3C56-4514-AB24-E82B249FA64B}.Release|x64.Build.0 = Release|x64
		{9C0A9E5C-3C56-4514-AB24-E82B249FA64B}.Release|x86.ActiveCfg = Release|Win32
		{9C0A9E5C-3C56-4514-AB24-E82B249FA64B}.Release|x86.Build.0 = Release|Win32
	EndGlobalSection
	GlobalSection(SolutionProperties) = preSolution
		HideSolutionNode = FALSE
	EndGlobalSection
	GlobalSection(ExtensibilityGlobals) = postSolution
		SolutionGuid = {0D3AE89D-CC1B-4C00-BCB3-B8440F99E2A3}
	EndGlobalSection
EndGlobal
