
Microsoft Visual Studio Solution File, Format Version 12.00
# Visual Studio Version 16
VisualStudioVersion = 16.0.29306.81
MinimumVisualStudioVersion = 10.0.40219.1
Project("{8BC9CEB8-8B4A-11D0-8D11-00A0C91BC942}") = "p181-10", "p181-10.vcxproj", "{6A289FEC-CF2A-483C-BDF4-289373E0936B}"
EndProject
Global
	GlobalSection(SolutionConfigurationPlatforms) = preSolution
		Debug|x64 = Debug|x64
		Debug|x86 = Debug|x86
		Release|x64 = Release|x64
		Release|x86 = Release|x86
	EndGlobalSection
	GlobalSection(ProjectConfigurationPlatforms) = postSolution
		{6A289FEC-CF2A-483C-BDF4-289373E0936B}.Debug|x64.ActiveCfg = Debug|x64
		{6A289FEC-CF2A-483C-BDF4-289373E0936B}.Debug|x64.Build.0 = Debug|x64
		{6A289FEC-CF2A-483C-BDF4-289373E0936B}.Debug|x86.ActiveCfg = Debug|Win32
		{6A289FEC-CF2A-483C-BDF4-289373E0936B}.Debug|x86.Build.0 = Debug|Win32
		{6A289FEC-CF2A-483C-BDF4-289373E0936B}.Release|x64.ActiveCfg = Release|x64
		{6A289FEC-CF2A-483C-BDF4-289373E0936B}.Release|x64.Build.0 = Release|x64
		{6A289FEC-CF2A-483C-BDF4-289373E0936B}.Release|x86.ActiveCfg = Release|Win32
		{6A289FEC-CF2A-483C-BDF4-289373E0936B}.Release|x86.Build.0 = Release|Win32
	EndGlobalSection
	GlobalSection(SolutionProperties) = preSolution
		HideSolutionNode = FALSE
	EndGlobalSection
	GlobalSection(ExtensibilityGlobals) = postSolution
		SolutionGuid = {4F236725-D561-4EEB-90BC-7D5E650514EC}
	EndGlobalSection
EndGlobal
