
Microsoft Visual Studio Solution File, Format Version 12.00
# Visual Studio Version 16
VisualStudioVersion = 16.0.29306.81
MinimumVisualStudioVersion = 10.0.40219.1
Project("{8BC9CEB8-8B4A-11D0-8D11-00A0C91BC942}") = "p495-7", "p495-7.vcxproj", "{4A69DAA6-C004-449D-8F60-14AD9CBF7C86}"
EndProject
Global
	GlobalSection(SolutionConfigurationPlatforms) = preSolution
		Debug|x64 = Debug|x64
		Debug|x86 = Debug|x86
		Release|x64 = Release|x64
		Release|x86 = Release|x86
	EndGlobalSection
	GlobalSection(ProjectConfigurationPlatforms) = postSolution
		{4A69DAA6-C004-449D-8F60-14AD9CBF7C86}.Debug|x64.ActiveCfg = Debug|x64
		{4A69DAA6-C004-449D-8F60-14AD9CBF7C86}.Debug|x64.Build.0 = Debug|x64
		{4A69DAA6-C004-449D-8F60-14AD9CBF7C86}.Debug|x86.ActiveCfg = Debug|Win32
		{4A69DAA6-C004-449D-8F60-14AD9CBF7C86}.Debug|x86.Build.0 = Debug|Win32
		{4A69DAA6-C004-449D-8F60-14AD9CBF7C86}.Release|x64.ActiveCfg = Release|x64
		{4A69DAA6-C004-449D-8F60-14AD9CBF7C86}.Release|x64.Build.0 = Release|x64
		{4A69DAA6-C004-449D-8F60-14AD9CBF7C86}.Release|x86.ActiveCfg = Release|Win32
		{4A69DAA6-C004-449D-8F60-14AD9CBF7C86}.Release|x86.Build.0 = Release|Win32
	EndGlobalSection
	GlobalSection(SolutionProperties) = preSolution
		HideSolutionNode = FALSE
	EndGlobalSection
	GlobalSection(ExtensibilityGlobals) = postSolution
		SolutionGuid = {F399D262-14AE-4F93-B698-411631495AD0}
	EndGlobalSection
EndGlobal
