
Microsoft Visual Studio Solution File, Format Version 12.00
# Visual Studio Version 16
VisualStudioVersion = 16.0.29306.81
MinimumVisualStudioVersion = 10.0.40219.1
Project("{8BC9CEB8-8B4A-11D0-8D11-00A0C91BC942}") = "p770-10", "p770-10.vcxproj", "{446A29A7-46CA-4CCA-A279-64A60ABB092A}"
EndProject
Global
	GlobalSection(SolutionConfigurationPlatforms) = preSolution
		Debug|x64 = Debug|x64
		Debug|x86 = Debug|x86
		Release|x64 = Release|x64
		Release|x86 = Release|x86
	EndGlobalSection
	GlobalSection(ProjectConfigurationPlatforms) = postSolution
		{446A29A7-46CA-4CCA-A279-64A60ABB092A}.Debug|x64.ActiveCfg = Debug|x64
		{446A29A7-46CA-4CCA-A279-64A60ABB092A}.Debug|x64.Build.0 = Debug|x64
		{446A29A7-46CA-4CCA-A279-64A60ABB092A}.Debug|x86.ActiveCfg = Debug|Win32
		{446A29A7-46CA-4CCA-A279-64A60ABB092A}.Debug|x86.Build.0 = Debug|Win32
		{446A29A7-46CA-4CCA-A279-64A60ABB092A}.Release|x64.ActiveCfg = Release|x64
		{446A29A7-46CA-4CCA-A279-64A60ABB092A}.Release|x64.Build.0 = Release|x64
		{446A29A7-46CA-4CCA-A279-64A60ABB092A}.Release|x86.ActiveCfg = Release|Win32
		{446A29A7-46CA-4CCA-A279-64A60ABB092A}.Release|x86.Build.0 = Release|Win32
	EndGlobalSection
	GlobalSection(SolutionProperties) = preSolution
		HideSolutionNode = FALSE
	EndGlobalSection
	GlobalSection(ExtensibilityGlobals) = postSolution
		SolutionGuid = {04B44307-600B-4184-B07B-F17BD5733B4C}
	EndGlobalSection
EndGlobal
