
Microsoft Visual Studio Solution File, Format Version 12.00
# Visual Studio Version 16
VisualStudioVersion = 16.0.29306.81
MinimumVisualStudioVersion = 10.0.40219.1
Project("{8BC9CEB8-8B4A-11D0-8D11-00A0C91BC942}") = "p494-1", "p494-1.vcxproj", "{ED241064-DFD5-40E4-BD87-44AF6B1D6259}"
EndProject
Global
	GlobalSection(SolutionConfigurationPlatforms) = preSolution
		Debug|x64 = Debug|x64
		Debug|x86 = Debug|x86
		Release|x64 = Release|x64
		Release|x86 = Release|x86
	EndGlobalSection
	GlobalSection(ProjectConfigurationPlatforms) = postSolution
		{ED241064-DFD5-40E4-BD87-44AF6B1D6259}.Debug|x64.ActiveCfg = Debug|x64
		{ED241064-DFD5-40E4-BD87-44AF6B1D6259}.Debug|x64.Build.0 = Debug|x64
		{ED241064-DFD5-40E4-BD87-44AF6B1D6259}.Debug|x86.ActiveCfg = Debug|Win32
		{ED241064-DFD5-40E4-BD87-44AF6B1D6259}.Debug|x86.Build.0 = Debug|Win32
		{ED241064-DFD5-40E4-BD87-44AF6B1D6259}.Release|x64.ActiveCfg = Release|x64
		{ED241064-DFD5-40E4-BD87-44AF6B1D6259}.Release|x64.Build.0 = Release|x64
		{ED241064-DFD5-40E4-BD87-44AF6B1D6259}.Release|x86.ActiveCfg = Release|Win32
		{ED241064-DFD5-40E4-BD87-44AF6B1D6259}.Release|x86.Build.0 = Release|Win32
	EndGlobalSection
	GlobalSection(SolutionProperties) = preSolution
		HideSolutionNode = FALSE
	EndGlobalSection
	GlobalSection(ExtensibilityGlobals) = postSolution
		SolutionGuid = {29374669-618A-448D-BDE9-8A792EEA38CF}
	EndGlobalSection
EndGlobal
