
Microsoft Visual Studio Solution File, Format Version 12.00
# Visual Studio Version 16
VisualStudioVersion = 16.0.29306.81
MinimumVisualStudioVersion = 10.0.40219.1
Project("{8BC9CEB8-8B4A-11D0-8D11-00A0C91BC942}") = "p72-10", "p72-10.vcxproj", "{48F07D04-9DB0-4D4C-B05F-482070A09284}"
EndProject
Global
	GlobalSection(SolutionConfigurationPlatforms) = preSolution
		Debug|x64 = Debug|x64
		Debug|x86 = Debug|x86
		Release|x64 = Release|x64
		Release|x86 = Release|x86
	EndGlobalSection
	GlobalSection(ProjectConfigurationPlatforms) = postSolution
		{48F07D04-9DB0-4D4C-B05F-482070A09284}.Debug|x64.ActiveCfg = Debug|x64
		{48F07D04-9DB0-4D4C-B05F-482070A09284}.Debug|x64.Build.0 = Debug|x64
		{48F07D04-9DB0-4D4C-B05F-482070A09284}.Debug|x86.ActiveCfg = Debug|Win32
		{48F07D04-9DB0-4D4C-B05F-482070A09284}.Debug|x86.Build.0 = Debug|Win32
		{48F07D04-9DB0-4D4C-B05F-482070A09284}.Release|x64.ActiveCfg = Release|x64
		{48F07D04-9DB0-4D4C-B05F-482070A09284}.Release|x64.Build.0 = Release|x64
		{48F07D04-9DB0-4D4C-B05F-482070A09284}.Release|x86.ActiveCfg = Release|Win32
		{48F07D04-9DB0-4D4C-B05F-482070A09284}.Release|x86.Build.0 = Release|Win32
	EndGlobalSection
	GlobalSection(SolutionProperties) = preSolution
		HideSolutionNode = FALSE
	EndGlobalSection
	GlobalSection(ExtensibilityGlobals) = postSolution
		SolutionGuid = {93B6992E-FE40-412F-8FC8-0AFD5B464F3D}
	EndGlobalSection
EndGlobal
