
Microsoft Visual Studio Solution File, Format Version 12.00
# Visual Studio Version 16
VisualStudioVersion = 16.0.29306.81
MinimumVisualStudioVersion = 10.0.40219.1
Project("{8BC9CEB8-8B4A-11D0-8D11-00A0C91BC942}") = "p647-12", "p647-12.vcxproj", "{C95752BD-5C93-4FA5-BAC4-E05B2CDC48DC}"
EndProject
Global
	GlobalSection(SolutionConfigurationPlatforms) = preSolution
		Debug|x64 = Debug|x64
		Debug|x86 = Debug|x86
		Release|x64 = Release|x64
		Release|x86 = Release|x86
	EndGlobalSection
	GlobalSection(ProjectConfigurationPlatforms) = postSolution
		{C95752BD-5C93-4FA5-BAC4-E05B2CDC48DC}.Debug|x64.ActiveCfg = Debug|x64
		{C95752BD-5C93-4FA5-BAC4-E05B2CDC48DC}.Debug|x64.Build.0 = Debug|x64
		{C95752BD-5C93-4FA5-BAC4-E05B2CDC48DC}.Debug|x86.ActiveCfg = Debug|Win32
		{C95752BD-5C93-4FA5-BAC4-E05B2CDC48DC}.Debug|x86.Build.0 = Debug|Win32
		{C95752BD-5C93-4FA5-BAC4-E05B2CDC48DC}.Release|x64.ActiveCfg = Release|x64
		{C95752BD-5C93-4FA5-BAC4-E05B2CDC48DC}.Release|x64.Build.0 = Release|x64
		{C95752BD-5C93-4FA5-BAC4-E05B2CDC48DC}.Release|x86.ActiveCfg = Release|Win32
		{C95752BD-5C93-4FA5-BAC4-E05B2CDC48DC}.Release|x86.Build.0 = Release|Win32
	EndGlobalSection
	GlobalSection(SolutionProperties) = preSolution
		HideSolutionNode = FALSE
	EndGlobalSection
	GlobalSection(ExtensibilityGlobals) = postSolution
		SolutionGuid = {D528A088-1F70-460C-833C-7204C6FE0B2A}
	EndGlobalSection
EndGlobal
