
Microsoft Visual Studio Solution File, Format Version 12.00
# Visual Studio Version 16
VisualStudioVersion = 16.0.29306.81
MinimumVisualStudioVersion = 10.0.40219.1
Project("{8BC9CEB8-8B4A-11D0-8D11-00A0C91BC942}") = "p643-1", "p643-1.vcxproj", "{70416508-3AED-4913-8401-9A715D726C8D}"
EndProject
Global
	GlobalSection(SolutionConfigurationPlatforms) = preSolution
		Debug|x64 = Debug|x64
		Debug|x86 = Debug|x86
		Release|x64 = Release|x64
		Release|x86 = Release|x86
	EndGlobalSection
	GlobalSection(ProjectConfigurationPlatforms) = postSolution
		{70416508-3AED-4913-8401-9A715D726C8D}.Debug|x64.ActiveCfg = Debug|x64
		{70416508-3AED-4913-8401-9A715D726C8D}.Debug|x64.Build.0 = Debug|x64
		{70416508-3AED-4913-8401-9A715D726C8D}.Debug|x86.ActiveCfg = Debug|Win32
		{70416508-3AED-4913-8401-9A715D726C8D}.Debug|x86.Build.0 = Debug|Win32
		{70416508-3AED-4913-8401-9A715D726C8D}.Release|x64.ActiveCfg = Release|x64
		{70416508-3AED-4913-8401-9A715D726C8D}.Release|x64.Build.0 = Release|x64
		{70416508-3AED-4913-8401-9A715D726C8D}.Release|x86.ActiveCfg = Release|Win32
		{70416508-3AED-4913-8401-9A715D726C8D}.Release|x86.Build.0 = Release|Win32
	EndGlobalSection
	GlobalSection(SolutionProperties) = preSolution
		HideSolutionNode = FALSE
	EndGlobalSection
	GlobalSection(ExtensibilityGlobals) = postSolution
		SolutionGuid = {FED4268E-77E6-4CF1-8AF5-A685778090AA}
	EndGlobalSection
EndGlobal
