
Microsoft Visual Studio Solution File, Format Version 12.00
# Visual Studio Version 16
VisualStudioVersion = 16.0.29306.81
MinimumVisualStudioVersion = 10.0.40219.1
Project("{8BC9CEB8-8B4A-11D0-8D11-00A0C91BC942}") = "p126-11", "p126-11.vcxproj", "{86B5460D-44FF-41C3-B179-1178FB04330F}"
EndProject
Global
	GlobalSection(SolutionConfigurationPlatforms) = preSolution
		Debug|x64 = Debug|x64
		Debug|x86 = Debug|x86
		Release|x64 = Release|x64
		Release|x86 = Release|x86
	EndGlobalSection
	GlobalSection(ProjectConfigurationPlatforms) = postSolution
		{86B5460D-44FF-41C3-B179-1178FB04330F}.Debug|x64.ActiveCfg = Debug|x64
		{86B5460D-44FF-41C3-B179-1178FB04330F}.Debug|x64.Build.0 = Debug|x64
		{86B5460D-44FF-41C3-B179-1178FB04330F}.Debug|x86.ActiveCfg = Debug|Win32
		{86B5460D-44FF-41C3-B179-1178FB04330F}.Debug|x86.Build.0 = Debug|Win32
		{86B5460D-44FF-41C3-B179-1178FB04330F}.Release|x64.ActiveCfg = Release|x64
		{86B5460D-44FF-41C3-B179-1178FB04330F}.Release|x64.Build.0 = Release|x64
		{86B5460D-44FF-41C3-B179-1178FB04330F}.Release|x86.ActiveCfg = Release|Win32
		{86B5460D-44FF-41C3-B179-1178FB04330F}.Release|x86.Build.0 = Release|Win32
	EndGlobalSection
	GlobalSection(SolutionProperties) = preSolution
		HideSolutionNode = FALSE
	EndGlobalSection
	GlobalSection(ExtensibilityGlobals) = postSolution
		SolutionGuid = {2F3C1C90-0B87-4FE9-989F-AD2D3B71D985}
	EndGlobalSection
EndGlobal
