
Microsoft Visual Studio Solution File, Format Version 12.00
# Visual Studio Version 16
VisualStudioVersion = 16.0.29306.81
MinimumVisualStudioVersion = 10.0.40219.1
Project("{8BC9CEB8-8B4A-11D0-8D11-00A0C91BC942}") = "p70-1", "p70-1.vcxproj", "{84B402E4-42D8-44EF-A0A6-8F3C8E32C3C1}"
EndProject
Global
	GlobalSection(SolutionConfigurationPlatforms) = preSolution
		Debug|x64 = Debug|x64
		Debug|x86 = Debug|x86
		Release|x64 = Release|x64
		Release|x86 = Release|x86
	EndGlobalSection
	GlobalSection(ProjectConfigurationPlatforms) = postSolution
		{84B402E4-42D8-44EF-A0A6-8F3C8E32C3C1}.Debug|x64.ActiveCfg = Debug|x64
		{84B402E4-42D8-44EF-A0A6-8F3C8E32C3C1}.Debug|x64.Build.0 = Debug|x64
		{84B402E4-42D8-44EF-A0A6-8F3C8E32C3C1}.Debug|x86.ActiveCfg = Debug|Win32
		{84B402E4-42D8-44EF-A0A6-8F3C8E32C3C1}.Debug|x86.Build.0 = Debug|Win32
		{84B402E4-42D8-44EF-A0A6-8F3C8E32C3C1}.Release|x64.ActiveCfg = Release|x64
		{84B402E4-42D8-44EF-A0A6-8F3C8E32C3C1}.Release|x64.Build.0 = Release|x64
		{84B402E4-42D8-44EF-A0A6-8F3C8E32C3C1}.Release|x86.ActiveCfg = Release|Win32
		{84B402E4-42D8-44EF-A0A6-8F3C8E32C3C1}.Release|x86.Build.0 = Release|Win32
	EndGlobalSection
	GlobalSection(SolutionProperties) = preSolution
		HideSolutionNode = FALSE
	EndGlobalSection
	GlobalSection(ExtensibilityGlobals) = postSolution
		SolutionGuid = {1B8534EE-0063-4D9F-8A2E-64BEF4B81407}
	EndGlobalSection
EndGlobal
