
Microsoft Visual Studio Solution File, Format Version 12.00
# Visual Studio Version 16
VisualStudioVersion = 16.0.29306.81
MinimumVisualStudioVersion = 10.0.40219.1
Project("{8BC9CEB8-8B4A-11D0-8D11-00A0C91BC942}") = "p644-8", "p644-8.vcxproj", "{38699085-1FDB-4D01-9421-3E0C4487C515}"
EndProject
Global
	GlobalSection(SolutionConfigurationPlatforms) = preSolution
		Debug|x64 = Debug|x64
		Debug|x86 = Debug|x86
		Release|x64 = Release|x64
		Release|x86 = Release|x86
	EndGlobalSection
	GlobalSection(ProjectConfigurationPlatforms) = postSolution
		{38699085-1FDB-4D01-9421-3E0C4487C515}.Debug|x64.ActiveCfg = Debug|x64
		{38699085-1FDB-4D01-9421-3E0C4487C515}.Debug|x64.Build.0 = Debug|x64
		{38699085-1FDB-4D01-9421-3E0C4487C515}.Debug|x86.ActiveCfg = Debug|Win32
		{38699085-1FDB-4D01-9421-3E0C4487C515}.Debug|x86.Build.0 = Debug|Win32
		{38699085-1FDB-4D01-9421-3E0C4487C515}.Release|x64.ActiveCfg = Release|x64
		{38699085-1FDB-4D01-9421-3E0C4487C515}.Release|x64.Build.0 = Release|x64
		{38699085-1FDB-4D01-9421-3E0C4487C515}.Release|x86.ActiveCfg = Release|Win32
		{38699085-1FDB-4D01-9421-3E0C4487C515}.Release|x86.Build.0 = Release|Win32
	EndGlobalSection
	GlobalSection(SolutionProperties) = preSolution
		HideSolutionNode = FALSE
	EndGlobalSection
	GlobalSection(ExtensibilityGlobals) = postSolution
		SolutionGuid = {92F9D8E2-1086-4927-9EC9-CD4FB88ED70D}
	EndGlobalSection
EndGlobal
