
Microsoft Visual Studio Solution File, Format Version 12.00
# Visual Studio Version 16
VisualStudioVersion = 16.0.29306.81
MinimumVisualStudioVersion = 10.0.40219.1
Project("{8BC9CEB8-8B4A-11D0-8D11-00A0C91BC942}") = "p499-17", "p499-17.vcxproj", "{CF9FF083-377A-46D5-963E-A687AEE3198B}"
EndProject
Global
	GlobalSection(SolutionConfigurationPlatforms) = preSolution
		Debug|x64 = Debug|x64
		Debug|x86 = Debug|x86
		Release|x64 = Release|x64
		Release|x86 = Release|x86
	EndGlobalSection
	GlobalSection(ProjectConfigurationPlatforms) = postSolution
		{CF9FF083-377A-46D5-963E-A687AEE3198B}.Debug|x64.ActiveCfg = Debug|x64
		{CF9FF083-377A-46D5-963E-A687AEE3198B}.Debug|x64.Build.0 = Debug|x64
		{CF9FF083-377A-46D5-963E-A687AEE3198B}.Debug|x86.ActiveCfg = Debug|Win32
		{CF9FF083-377A-46D5-963E-A687AEE3198B}.Debug|x86.Build.0 = Debug|Win32
		{CF9FF083-377A-46D5-963E-A687AEE3198B}.Release|x64.ActiveCfg = Release|x64
		{CF9FF083-377A-46D5-963E-A687AEE3198B}.Release|x64.Build.0 = Release|x64
		{CF9FF083-377A-46D5-963E-A687AEE3198B}.Release|x86.ActiveCfg = Release|Win32
		{CF9FF083-377A-46D5-963E-A687AEE3198B}.Release|x86.Build.0 = Release|Win32
	EndGlobalSection
	GlobalSection(SolutionProperties) = preSolution
		HideSolutionNode = FALSE
	EndGlobalSection
	GlobalSection(ExtensibilityGlobals) = postSolution
		SolutionGuid = {A9B873B1-1F8A-463A-92FA-D50EFE22F198}
	EndGlobalSection
EndGlobal
