
Microsoft Visual Studio Solution File, Format Version 12.00
# Visual Studio Version 16
VisualStudioVersion = 16.0.29306.81
MinimumVisualStudioVersion = 10.0.40219.1
Project("{8BC9CEB8-8B4A-11D0-8D11-00A0C91BC942}") = "p702-5", "p702-5.vcxproj", "{7047CC22-47CD-4E74-93DC-3570601EE520}"
EndProject
Global
	GlobalSection(SolutionConfigurationPlatforms) = preSolution
		Debug|x64 = Debug|x64
		Debug|x86 = Debug|x86
		Release|x64 = Release|x64
		Release|x86 = Release|x86
	EndGlobalSection
	GlobalSection(ProjectConfigurationPlatforms) = postSolution
		{7047CC22-47CD-4E74-93DC-3570601EE520}.Debug|x64.ActiveCfg = Debug|x64
		{7047CC22-47CD-4E74-93DC-3570601EE520}.Debug|x64.Build.0 = Debug|x64
		{7047CC22-47CD-4E74-93DC-3570601EE520}.Debug|x86.ActiveCfg = Debug|Win32
		{7047CC22-47CD-4E74-93DC-3570601EE520}.Debug|x86.Build.0 = Debug|Win32
		{7047CC22-47CD-4E74-93DC-3570601EE520}.Release|x64.ActiveCfg = Release|x64
		{7047CC22-47CD-4E74-93DC-3570601EE520}.Release|x64.Build.0 = Release|x64
		{7047CC22-47CD-4E74-93DC-3570601EE520}.Release|x86.ActiveCfg = Release|Win32
		{7047CC22-47CD-4E74-93DC-3570601EE520}.Release|x86.Build.0 = Release|Win32
	EndGlobalSection
	GlobalSection(SolutionProperties) = preSolution
		HideSolutionNode = FALSE
	EndGlobalSection
	GlobalSection(ExtensibilityGlobals) = postSolution
		SolutionGuid = {7B348FE8-CD74-47EA-BE71-F4D687E33DCA}
	EndGlobalSection
EndGlobal
