
Microsoft Visual Studio Solution File, Format Version 12.00
# Visual Studio Version 16
VisualStudioVersion = 16.0.29306.81
MinimumVisualStudioVersion = 10.0.40219.1
Project("{8BC9CEB8-8B4A-11D0-8D11-00A0C91BC942}") = "p434-3", "p434-3.vcxproj", "{FD2AFE51-63D9-404F-A3F7-5A0E333A94F8}"
EndProject
Global
	GlobalSection(SolutionConfigurationPlatforms) = preSolution
		Debug|x64 = Debug|x64
		Debug|x86 = Debug|x86
		Release|x64 = Release|x64
		Release|x86 = Release|x86
	EndGlobalSection
	GlobalSection(ProjectConfigurationPlatforms) = postSolution
		{FD2AFE51-63D9-404F-A3F7-5A0E333A94F8}.Debug|x64.ActiveCfg = Debug|x64
		{FD2AFE51-63D9-404F-A3F7-5A0E333A94F8}.Debug|x64.Build.0 = Debug|x64
		{FD2AFE51-63D9-404F-A3F7-5A0E333A94F8}.Debug|x86.ActiveCfg = Debug|Win32
		{FD2AFE51-63D9-404F-A3F7-5A0E333A94F8}.Debug|x86.Build.0 = Debug|Win32
		{FD2AFE51-63D9-404F-A3F7-5A0E333A94F8}.Release|x64.ActiveCfg = Release|x64
		{FD2AFE51-63D9-404F-A3F7-5A0E333A94F8}.Release|x64.Build.0 = Release|x64
		{FD2AFE51-63D9-404F-A3F7-5A0E333A94F8}.Release|x86.ActiveCfg = Release|Win32
		{FD2AFE51-63D9-404F-A3F7-5A0E333A94F8}.Release|x86.Build.0 = Release|Win32
	EndGlobalSection
	GlobalSection(SolutionProperties) = preSolution
		HideSolutionNode = FALSE
	EndGlobalSection
	GlobalSection(ExtensibilityGlobals) = postSolution
		SolutionGuid = {C2F70F79-303E-43B3-A2E6-25504F8F371A}
	EndGlobalSection
EndGlobal
